{
  "name": "day_17",
  "lockfileVersion": 3,
  "requires": true,
  "packages": {
    "": {
      "dependencies": {
        "ng-b-fa-new": "^1.2.1"
      }
    },
    "node_modules/ng-b-fa-new": {
      "version": "1.2.1",
      "resolved": "https://registry.npmjs.org/ng-b-fa-new/-/ng-b-fa-new-1.2.1.tgz",
      "integrity": "sha512-Wj2Uh6kNlq2N9JUkcfBYpW6bGfCTystWyMSgTbeWnRKTHf3d5KonBd4pENMEKIemhfmmQv5qtCZxt5J2+SM1yQ==",
      "license": "MIT",
      "dependencies": {
        "ng-b-fa-new": "^1.2.0"
      },
      "bin": {
        "ng-b-fa-new": "index.js"
      }
    }
  }
}
